// !$*UTF8*$!
{
	archiveVersion = 1;
	classes = {
	};
	objectVersion = 50;
	objects = {

/* Begin PBXBuildFile section */
		B412205B2311562C0099F378 /* AppDelegate.swift in Sources */ = {isa = PBXBuildFile; fileRef = B412205A2311562C0099F378 /* AppDelegate.swift */; };
		B412205D2311562C0099F378 /* GameScene.sks in Resources */ = {isa = PBXBuildFile; fileRef = B412205C2311562C0099F378 /* GameScene.sks */; };
		B412205F2311562C0099F378 /* Actions.sks in Resources */ = {isa = PBXBuildFile; fileRef = B412205E2311562C0099F378 /* Actions.sks */; };
		B41220612311562C0099F378 /* GameScene.swift in Sources */ = {isa = PBXBuildFile; fileRef = B41220602311562C0099F378 /* GameScene.swift */; };
		B41220632311562C0099F378 /* GameViewController.swift in Sources */ = {isa = PBXBuildFile; fileRef = B41220622311562C0099F378 /* GameViewController.swift */; };
		B41220662311562C0099F378 /* Main.storyboard in Resources */ = {isa = PBXBuildFile; fileRef = B41220642311562C0099F378 /* Main.storyboard */; };
		B41220682311562D0099F378 /* Assets.xcassets in Resources */ = {isa = PBXBuildFile; fileRef = B41220672311562D0099F378 /* Assets.xcassets */; };
		B412206B2311562D0099F378 /* LaunchScreen.storyboard in Resources */ = {isa = PBXBuildFile; fileRef = B41220692311562D0099F378 /* LaunchScreen.storyboard */; };
		B4528ED3233F7B8B003FDC3A /* MenuScene.sks in Resources */ = {isa = PBXBuildFile; fileRef = B4528ED2233F7B8B003FDC3A /* MenuScene.sks */; };
		B4528ED5233F8376003FDC3A /* MenuScene.swift in Sources */ = {isa = PBXBuildFile; fileRef = B4528ED4233F8376003FDC3A /* MenuScene.swift */; };
		B4528ED7233F83C6003FDC3A /* Starfield.sks in Resources */ = {isa = PBXBuildFile; fileRef = B4528ED6233F83C6003FDC3A /* Starfield.sks */; };
		B48AE6C12312D85D00DABB6B /* FireParticles.sks in Resources */ = {isa = PBXBuildFile; fileRef = B48AE6C02312D85D00DABB6B /* FireParticles.sks */; };
		E8CDC918237A2A2100432946 /* StartScene.swift in Sources */ = {isa = PBXBuildFile; fileRef = E8CDC916237A2A2100432946 /* StartScene.swift */; };
		E8CDC919237A2A2100432946 /* StartScene.sks in Resources */ = {isa = PBXBuildFile; fileRef = E8CDC917237A2A2100432946 /* StartScene.sks */; };
		E8F1FCD82381450500F59435 /* can.ttc in Resources */ = {isa = PBXBuildFile; fileRef = E8F1FCD72381450500F59435 /* can.ttc */; };
/* End PBXBuildFile section */

/* Begin PBXFileReference section */
		B41220572311562C0099F378 /* HRGame.app */ = {isa = PBXFileReference; explicitFileType = wrapper.application; includeInIndex = 0; path = HRGame.app; sourceTree = BUILT_PRODUCTS_DIR; };
		B412205A2311562C0099F378 /* AppDelegate.swift */ = {isa = PBXFileReference; lastKnownFileType = sourcecode.swift; path = AppDelegate.swift; sourceTree = "<group>"; };
		B412205C2311562C0099F378 /* GameScene.sks */ = {isa = PBXFileReference; lastKnownFileType = file.sks; path = GameScene.sks; sourceTree = "<group>"; };
		B412205E2311562C0099F378 /* Actions.sks */ = {isa = PBXFileReference; lastKnownFileType = file.sks; path = Actions.sks; sourceTree = "<group>"; };
		B41220602311562C0099F378 /* GameScene.swift */ = {isa = PBXFileReference; lastKnownFileType = sourcecode.swift; path = GameScene.swift; sourceTree = "<group>"; };
		B41220622311562C0099F378 /* GameViewController.swift */ = {isa = PBXFileReference; lastKnownFileType = sourcecode.swift; path = GameViewController.swift; sourceTree = "<group>"; };
		B41220652311562C0099F378 /* Base */ = {isa = PBXFileReference; lastKnownFileType = file.storyboard; name = Base; path = Base.lproj/Main.storyboard; sourceTree = "<group>"; };
		B41220672311562D0099F378 /* Assets.xcassets */ = {isa = PBXFileReference; lastKnownFileType = folder.assetcatalog; path = Assets.xcassets; sourceTree = "<group>"; };
		B412206A2311562D0099F378 /* Base */ = {isa = PBXFileReference; lastKnownFileType = file.storyboard; name = Base; path = Base.lproj/LaunchScreen.storyboard; sourceTree = "<group>"; };
		B412206C2311562D0099F378 /* Info.plist */ = {isa = PBXFileReference; lastKnownFileType = text.plist.xml; path = Info.plist; sourceTree = "<group>"; };
		B4528ED2233F7B8B003FDC3A /* MenuScene.sks */ = {isa = PBXFileReference; lastKnownFileType = file.sks; path = MenuScene.sks; sourceTree = "<group>"; };
		B4528ED4233F8376003FDC3A /* MenuScene.swift */ = {isa = PBXFileReference; lastKnownFileType = sourcecode.swift; path = MenuScene.swift; sourceTree = "<group>"; };
		B4528ED6233F83C6003FDC3A /* Starfield.sks */ = {isa = PBXFileReference; lastKnownFileType = file.sks; path = Starfield.sks; sourceTree = "<group>"; };
		B48AE6C02312D85D00DABB6B /* FireParticles.sks */ = {isa = PBXFileReference; lastKnownFileType = file.sks; path = FireParticles.sks; sourceTree = "<group>"; };
		E8CDC916237A2A2100432946 /* StartScene.swift */ = {isa = PBXFileReference; fileEncoding = 4; lastKnownFileType = sourcecode.swift; name = StartScene.swift; path = HRGame/Start/StartScene.swift; sourceTree = SOURCE_ROOT; };
		E8CDC917237A2A2100432946 /* StartScene.sks */ = {isa = PBXFileReference; lastKnownFileType = file.sks; name = StartScene.sks; path = HRGame/Start/StartScene.sks; sourceTree = SOURCE_ROOT; };
		E8F1FCD6238143DC00F59435 /* Phosphate.ttc */ = {isa = PBXFileReference; lastKnownFileType = file; path = Phosphate.ttc; sourceTree = "<group>"; };
		E8F1FCD72381450500F59435 /* can.ttc */ = {isa = PBXFileReference; lastKnownFileType = file; path = can.ttc; sourceTree = "<group>"; };
/* End PBXFileReference section */

/* Begin PBXFrameworksBuildPhase section */
		B41220542311562C0099F378 /* Frameworks */ = {
			isa = PBXFrameworksBuildPhase;
			buildActionMask = 2147483647;
			files = (
			);
			runOnlyForDeploymentPostprocessing = 0;
		};
/* End PBXFrameworksBuildPhase section */

/* Begin PBXGroup section */
		B412204E2311562C0099F378 = {
			isa = PBXGroup;
			children = (
				B41220592311562C0099F378 /* HRGame */,
				B41220582311562C0099F378 /* Products */,
			);
			sourceTree = "<group>";
		};
		B41220582311562C0099F378 /* Products */ = {
			isa = PBXGroup;
			children = (
				B41220572311562C0099F378 /* HRGame.app */,
			);
			name = Products;
			sourceTree = "<group>";
		};
		B41220592311562C0099F378 /* HRGame */ = {
			isa = PBXGroup;
			children = (
				B412205A2311562C0099F378 /* AppDelegate.swift */,
				B41220622311562C0099F378 /* GameViewController.swift */,
				B412205C2311562C0099F378 /* GameScene.sks */,
				B41220602311562C0099F378 /* GameScene.swift */,
				B412205E2311562C0099F378 /* Actions.sks */,
				E8F1FCD72381450500F59435 /* can.ttc */,
				E8F1FCD6238143DC00F59435 /* Phosphate.ttc */,
				E8CDC915237A29EA00432946 /* StartScens */,
				B4528ED8233F9BBB003FDC3A /* Menu */,
				B4528ED9233F9BD5003FDC3A /* Emitter */,
				B41220642311562C0099F378 /* Main.storyboard */,
				B41220672311562D0099F378 /* Assets.xcassets */,
				B41220692311562D0099F378 /* LaunchScreen.storyboard */,
				B412206C2311562D0099F378 /* Info.plist */,
			);
			path = HRGame;
			sourceTree = "<group>";
		};
		B4528ED8233F9BBB003FDC3A /* Menu */ = {
			isa = PBXGroup;
			children = (
				B4528ED2233F7B8B003FDC3A /* MenuScene.sks */,
				B4528ED4233F8376003FDC3A /* MenuScene.swift */,
			);
			path = Menu;
			sourceTree = "<group>";
		};
		B4528ED9233F9BD5003FDC3A /* Emitter */ = {
			isa = PBXGroup;
			children = (
				B48AE6C02312D85D00DABB6B /* FireParticles.sks */,
				B4528ED6233F83C6003FDC3A /* Starfield.sks */,
			);
			path = Emitter;
			sourceTree = "<group>";
		};
		E8CDC915237A29EA00432946 /* StartScens */ = {
			isa = PBXGroup;
			children = (
				E8CDC917237A2A2100432946 /* StartScene.sks */,
				E8CDC916237A2A2100432946 /* StartScene.swift */,
			);
			path = StartScens;
			sourceTree = "<group>";
		};
/* End PBXGroup section */

/* Begin PBXNativeTarget section */
		B41220562311562C0099F378 /* HRGame */ = {
			isa = PBXNativeTarget;
			buildConfigurationList = B412206F2311562D0099F378 /* Build configuration list for PBXNativeTarget "HRGame" */;
			buildPhases = (
				B41220532311562C0099F378 /* Sources */,
				B41220542311562C0099F378 /* Frameworks */,
				B41220552311562C0099F378 /* Resources */,
			);
			buildRules = (
			);
			dependencies = (
			);
			name = HRGame;
			productName = HRGame;
			productReference = B41220572311562C0099F378 /* HRGame.app */;
			productType = "com.apple.product-type.application";
		};
/* End PBXNativeTarget section */

/* Begin PBXProject section */
		B412204F2311562C0099F378 /* Project object */ = {
			isa = PBXProject;
			attributes = {
				LastSwiftUpdateCheck = 1030;
				LastUpgradeCheck = 1030;
				ORGANIZATIONNAME = "Can Babaoğlu";
				TargetAttributes = {
					B41220562311562C0099F378 = {
						CreatedOnToolsVersion = 10.3;
					};
				};
			};
			buildConfigurationList = B41220522311562C0099F378 /* Build configuration list for PBXProject "HRGame" */;
			compatibilityVersion = "Xcode 9.3";
			developmentRegion = en;
			hasScannedForEncodings = 0;
			knownRegions = (
				en,
				Base,
			);
			mainGroup = B412204E2311562C0099F378;
			productRefGroup = B41220582311562C0099F378 /* Products */;
			projectDirPath = "";
			projectRoot = "";
			targets = (
				B41220562311562C0099F378 /* HRGame */,
			);
		};
/* End PBXProject section */

/* Begin PBXResourcesBuildPhase section */
		B41220552311562C0099F378 /* Resources */ = {
			isa = PBXResourcesBuildPhase;
			buildActionMask = 2147483647;
			files = (
				E8CDC919237A2A2100432946 /* StartScene.sks in Resources */,
				B41220662311562C0099F378 /* Main.storyboard in Resources */,
				E8F1FCD82381450500F59435 /* can.ttc in Resources */,
				B412205D2311562C0099F378 /* GameScene.sks in Resources */,
				B4528ED7233F83C6003FDC3A /* Starfield.sks in Resources */,
				B41220682311562D0099F378 /* Assets.xcassets in Resources */,
				B48AE6C12312D85D00DABB6B /* FireParticles.sks in Resources */,
				B412206B2311562D0099F378 /* LaunchScreen.storyboard in Resources */,
				B412205F2311562C0099F378 /* Actions.sks in Resources */,
				B4528ED3233F7B8B003FDC3A /* MenuScene.sks in Resources */,
			);
			runOnlyForDeploymentPostprocessing = 0;
		};
/* End PBXResourcesBuildPhase section */

/* Begin PBXSourcesBuildPhase section */
		B41220532311562C0099F378 /* Sources */ = {
			isa = PBXSourcesBuildPhase;
			buildActionMask = 2147483647;
			files = (
				B41220612311562C0099F378 /* GameScene.swift in Sources */,
				B4528ED5233F8376003FDC3A /* MenuScene.swift in Sources */,
				B41220632311562C0099F378 /* GameViewController.swift in Sources */,
				E8CDC918237A2A2100432946 /* StartScene.swift in Sources */,
				B412205B2311562C0099F378 /* AppDelegate.swift in Sources */,
			);
			runOnlyForDeploymentPostprocessing = 0;
		};
/* End PBXSourcesBuildPhase section */

/* Begin PBXVariantGroup section */
		B41220642311562C0099F378 /* Main.storyboard */ = {
			isa = PBXVariantGroup;
			children = (
				B41220652311562C0099F378 /* Base */,
			);
			name = Main.storyboard;
			sourceTree = "<group>";
		};
		B41220692311562D0099F378 /* LaunchScreen.storyboard */ = {
			isa = PBXVariantGroup;
			children = (
				B412206A2311562D0099F378 /* Base */,
			);
			name = LaunchScreen.storyboard;
			sourceTree = "<group>";
		};
/* End PBXVariantGroup section */

/* Begin XCBuildConfiguration section */
		B412206D2311562D0099F378 /* Debug */ = {
			isa = XCBuildConfiguration;
			buildSettings = {
				ALWAYS_SEARCH_USER_PATHS = NO;
				CLANG_ANALYZER_NONNULL = YES;
				CLANG_ANALYZER_NUMBER_OBJECT_CONVERSION = YES_AGGRESSIVE;
				CLANG_CXX_LANGUAGE_STANDARD = "gnu++14";
				CLANG_CXX_LIBRARY = "libc++";
				CLANG_ENABLE_MODULES = YES;
				CLANG_ENABLE_OBJC_ARC = YES;
				CLANG_ENABLE_OBJC_WEAK = YES;
				CLANG_WARN_BLOCK_CAPTURE_AUTORELEASING = YES;
				CLANG_WARN_BOOL_CONVERSION = YES;
				CLANG_WARN_COMMA = YES;
				CLANG_WARN_CONSTANT_CONVERSION = YES;
				CLANG_WARN_DEPRECATED_OBJC_IMPLEMENTATIONS = YES;
				CLANG_WARN_DIRECT_OBJC_ISA_USAGE = YES_ERROR;
				CLANG_WARN_DOCUMENTATION_COMMENTS = YES;
				CLANG_WARN_EMPTY_BODY = YES;
				CLANG_WARN_ENUM_CONVERSION = YES;
				CLANG_WARN_INFINITE_RECURSION = YES;
				CLANG_WARN_INT_CONVERSION = YES;
				CLANG_WARN_NON_LITERAL_NULL_CONVERSION = YES;
				CLANG_WARN_OBJC_IMPLICIT_RETAIN_SELF = YES;
				CLANG_WARN_OBJC_LITERAL_CONVERSION = YES;
				CLANG_WARN_OBJC_ROOT_CLASS = YES_ERROR;
				CLANG_WARN_RANGE_LOOP_ANALYSIS = YES;
				CLANG_WARN_STRICT_PROTOTYPES = YES;
				CLANG_WARN_SUSPICIOUS_MOVE = YES;
				CLANG_WARN_UNGUARDED_AVAILABILITY = YES_AGGRESSIVE;
				CLANG_WARN_UNREACHABLE_CODE = YES;
				CLANG_WARN__DUPLICATE_METHOD_MATCH = YES;
				CODE_SIGN_IDENTITY = "iPhone Developer";
				COPY_PHASE_STRIP = NO;
				DEBUG_INFORMATION_FORMAT = dwarf;
				ENABLE_STRICT_OBJC_MSGSEND = YES;
				ENABLE_TESTABILITY = YES;
				GCC_C_LANGUAGE_STANDARD = gnu11;
				GCC_DYNAMIC_NO_PIC = NO;
				GCC_NO_COMMON_BLOCKS = YES;
				GCC_OPTIMIZATION_LEVEL = 0;
				GCC_PREPROCESSOR_DEFINITIONS = (
					"DEBUG=1",
					"$(inherited)",
				);
				GCC_WARN_64_TO_32_BIT_CONVERSION = YES;
				GCC_WARN_ABOUT_RETURN_TYPE = YES_ERROR;
				GCC_WARN_UNDECLARED_SELECTOR = YES;
				GCC_WARN_UNINITIALIZED_AUTOS = YES_AGGRESSIVE;
				GCC_WARN_UNUSED_FUNCTION = YES;
				GCC_WARN_UNUSED_VARIABLE = YES;
				IPHONEOS_DEPLOYMENT_TARGET = 12.4;
				MTL_ENABLE_DEBUG_INFO = INCLUDE_SOURCE;
				MTL_FAST_MATH = YES;
				ONLY_ACTIVE_ARCH = YES;
				SDKROOT = iphoneos;
				SWIFT_ACTIVE_COMPILATION_CONDITIONS = DEBUG;
				SWIFT_OPTIMIZATION_LEVEL = "-Onone";
			};
			name = Debug;
		};
		B412206E2311562D0099F378 /* Release */ = {
			isa = XCBuildConfiguration;
			buildSettings = {
				ALWAYS_SEARCH_USER_PATHS = NO;
				CLANG_ANALYZER_NONNULL = YES;
				CLANG_ANALYZER_NUMBER_OBJECT_CONVERSION = YES_AGGRESSIVE;
				CLANG_CXX_LANGUAGE_STANDARD = "gnu++14";
				CLANG_CXX_LIBRARY = "libc++";
				CLANG_ENABLE_MODULES = YES;
				CLANG_ENABLE_OBJC_ARC = YES;
				CLANG_ENABLE_OBJC_WEAK = YES;
				CLANG_WARN_BLOCK_CAPTURE_AUTORELEASING = YES;
				CLANG_WARN_BOOL_CONVERSION = YES;
				CLANG_WARN_COMMA = YES;
				CLANG_WARN_CONSTANT_CONVERSION = YES;
				CLANG_WARN_DEPRECATED_OBJC_IMPLEMENTATIONS = YES;
				CLANG_WARN_DIRECT_OBJC_ISA_USAGE = YES_ERROR;
				CLANG_WARN_DOCUMENTATION_COMMENTS = YES;
				CLANG_WARN_EMPTY_BODY = YES;
				CLANG_WARN_ENUM_CONVERSION = YES;
				CLANG_WARN_INFINITE_RECURSION = YES;
				CLANG_WARN_INT_CONVERSION = YES;
				CLANG_WARN_NON_LITERAL_NULL_CONVERSION = YES;
				CLANG_WARN_OBJC_IMPLICIT_RETAIN_SELF = YES;
				CLANG_WARN_OBJC_LITERAL_CONVERSION = YES;
				CLANG_WARN_OBJC_ROOT_CLASS = YES_ERROR;
				CLANG_WARN_RANGE_LOOP_ANALYSIS = YES;
				CLANG_WARN_STRICT_PROTOTYPES = YES;
				CLANG_WARN_SUSPICIOUS_MOVE = YES;
				CLANG_WARN_UNGUARDED_AVAILABILITY = YES_AGGRESSIVE;
				CLANG_WARN_UNREACHABLE_CODE = YES;
				CLANG_WARN__DUPLICATE_METHOD_MATCH = YES;
				CODE_SIGN_IDENTITY = "iPhone Developer";
				COPY_PHASE_STRIP = NO;
				DEBUG_INFORMATION_FORMAT = "dwarf-with-dsym";
				ENABLE_NS_ASSERTIONS = NO;
				ENABLE_STRICT_OBJC_MSGSEND = YES;
				GCC_C_LANGUAGE_STANDARD = gnu11;
				GCC_NO_COMMON_BLOCKS = YES;
				GCC_WARN_64_TO_32_BIT_CONVERSION = YES;
				GCC_WARN_ABOUT_RETURN_TYPE = YES_ERROR;
				GCC_WARN_UNDECLARED_SELECTOR = YES;
				GCC_WARN_UNINITIALIZED_AUTOS = YES_AGGRESSIVE;
				GCC_WARN_UNUSED_FUNCTION = YES;
				GCC_WARN_UNUSED_VARIABLE = YES;
				IPHONEOS_DEPLOYMENT_TARGET = 12.4;
				MTL_ENABLE_DEBUG_INFO = NO;
				MTL_FAST_MATH = YES;
				SDKROOT = iphoneos;
				SWIFT_COMPILATION_MODE = wholemodule;
				SWIFT_OPTIMIZATION_LEVEL = "-O";
				VALIDATE_PRODUCT = YES;
			};
			name = Release;
		};
		B41220702311562D0099F378 /* Debug */ = {
			isa = XCBuildConfiguration;
			buildSettings = {
				ASSETCATALOG_COMPILER_APPICON_NAME = AppIcon;
				CODE_SIGN_STYLE = Automatic;
				DEVELOPMENT_TEAM = 2K9T2M6R3C;
				INFOPLIST_FILE = HRGame/Info.plist;
				LD_RUNPATH_SEARCH_PATHS = (
					"$(inherited)",
					"@executable_path/Frameworks",
				);
				PRODUCT_BUNDLE_IDENTIFIER = com.rempeople.11;
				PRODUCT_NAME = "$(TARGET_NAME)";
				SWIFT_VERSION = 5.0;
				TARGETED_DEVICE_FAMILY = "1,2";
			};
			name = Debug;
		};
		B41220712311562D0099F378 /* Release */ = {
			isa = XCBuildConfiguration;
			buildSettings = {
				ASSETCATALOG_COMPILER_APPICON_NAME = AppIcon;
				CODE_SIGN_STYLE = Automatic;
				DEVELOPMENT_TEAM = 2K9T2M6R3C;
				INFOPLIST_FILE = HRGame/Info.plist;
				LD_RUNPATH_SEARCH_PATHS = (
					"$(inherited)",
					"@executable_path/Frameworks",
				);
				PRODUCT_BUNDLE_IDENTIFIER = com.rempeople.11;
				PRODUCT_NAME = "$(TARGET_NAME)";
				SWIFT_VERSION = 5.0;
				TARGETED_DEVICE_FAMILY = "1,2";
			};
			name = Release;
		};
/* End XCBuildConfiguration section */

/* Begin XCConfigurationList section */
		B41220522311562C0099F378 /* Build configuration list for PBXProject "HRGame" */ = {
			isa = XCConfigurationList;
			buildConfigurations = (
				B412206D2311562D0099F378 /* Debug */,
				B412206E2311562D0099F378 /* Release */,
			);
			defaultConfigurationIsVisible = 0;
			defaultConfigurationName = Release;
		};
		B412206F2311562D0099F378 /* Build configuration list for PBXNativeTarget "HRGame" */ = {
			isa = XCConfigurationList;
			buildConfigurations = (
				B41220702311562D0099F378 /* Debug */,
				B41220712311562D0099F378 /* Release */,
			);
			defaultConfigurationIsVisible = 0;
			defaultConfigurationName = Release;
		};
/* End XCConfigurationList section */
	};
	rootObject = B412204F2311562C0099F378 /* Project object */;
}
